
Microsoft Visual Studio Solution File, Format Version 12.00
# Visual Studio Version 16
VisualStudioVersion = 16.0.30717.126
MinimumVisualStudioVersion = 10.0.40219.1
Project("{FAE04EC0-301F-11D3-BF4B-00C04F79EFBC}") = "25ProjectoNotas", "25ProjectoNotas\25ProjectoNotas.csproj", "{AB65ACE1-E7A4-426F-BFF7-572AB4A3DE00}"
EndProject
Global
	GlobalSection(SolutionConfigurationPlatforms) = preSolution
		Debug|Any CPU = Debug|Any CPU
		Release|Any CPU = Release|Any CPU
	EndGlobalSection
	GlobalSection(ProjectConfigurationPlatforms) = postSolution
		{AB65ACE1-E7A4-426F-BFF7-572AB4A3DE00}.Debug|Any CPU.ActiveCfg = Debug|Any CPU
		{AB65ACE1-E7A4-426F-BFF7-572AB4A3DE00}.Debug|Any CPU.Build.0 = Debug|Any CPU
		{AB65ACE1-E7A4-426F-BFF7-572AB4A3DE00}.Release|Any CPU.ActiveCfg = Release|Any CPU
		{AB65ACE1-E7A4-426F-BFF7-572AB4A3DE00}.Release|Any CPU.Build.0 = Release|Any CPU
	EndGlobalSection
	GlobalSection(SolutionProperties) = preSolution
		HideSolutionNode = FALSE
	EndGlobalSection
	GlobalSection(ExtensibilityGlobals) = postSolution
		SolutionGuid = {5DF35900-46B5-4033-8675-16686C0CAFA5}
	EndGlobalSection
EndGlobal
